
Microsoft Visual Studio Solution File, Format Version 12.00
# Visual Studio Version 17
VisualStudioVersion = 17.0.32126.317
MinimumVisualStudioVersion = 10.0.40219.1
Project("{9A19103F-16F7-4668-BE54-9A1E7A4F7556}") = "MeterKloud", "Client\MeterKloud.csproj", "{A789CAE2-99A1-4D0D-B492-6FB0A727E94D}"
EndProject
Project("{9A19103F-16F7-4668-BE54-9A1E7A4F7556}") = "Api", "Api\Api.csproj", "{54FCF196-F346-4B94-B94F-D69E262680E6}"
EndProject
Project("{2150E333-8FDC-42A3-9474-1A3956D46DE8}") = "Src", "Src", "{05A60440-55B4-479F-A701-E69AB4974B53}"
EndProject
Project("{9A19103F-16F7-4668-BE54-9A1E7A4F7556}") = "MeterDataLib", "MeterDataLib\MeterDataLib.csproj", "{75EB9492-60A3-4122-9AFA-C2066C800D6F}"
EndProject
Project("{2150E333-8FDC-42A3-9474-1A3956D46DE8}") = "Test", "Test", "{26BF19F7-1F88-4A51-BDA6-F8806D004C5F}"
EndProject
Project("{9A19103F-16F7-4668-BE54-9A1E7A4F7556}") = "TestMeterLib", "TestMeterLib\TestMeterLib.csproj", "{DAEFE8B2-F750-4F2B-B157-DE698DD3BC33}"
EndProject
Global
	GlobalSection(SolutionConfigurationPlatforms) = preSolution
		Debug|Any CPU = Debug|Any CPU
		Release|Any CPU = Release|Any CPU
	EndGlobalSection
	GlobalSection(ProjectConfigurationPlatforms) = postSolution
		{A789CAE2-99A1-4D0D-B492-6FB0A727E94D}.Debug|Any CPU.ActiveCfg = Debug|Any CPU
		{A789CAE2-99A1-4D0D-B492-6FB0A727E94D}.Debug|Any CPU.Build.0 = Debug|Any CPU
		{A789CAE2-99A1-4D0D-B492-6FB0A727E94D}.Release|Any CPU.ActiveCfg = Release|Any CPU
		{A789CAE2-99A1-4D0D-B492-6FB0A727E94D}.Release|Any CPU.Build.0 = Release|Any CPU
		{54FCF196-F346-4B94-B94F-D69E262680E6}.Debug|Any CPU.ActiveCfg = Debug|Any CPU
		{54FCF196-F346-4B94-B94F-D69E262680E6}.Debug|Any CPU.Build.0 = Debug|Any CPU
		{54FCF196-F346-4B94-B94F-D69E262680E6}.Release|Any CPU.ActiveCfg = Release|Any CPU
		{54FCF196-F346-4B94-B94F-D69E262680E6}.Release|Any CPU.Build.0 = Release|Any CPU
		{75EB9492-60A3-4122-9AFA-C2066C800D6F}.Debug|Any CPU.ActiveCfg = Debug|Any CPU
		{75EB9492-60A3-4122-9AFA-C2066C800D6F}.Debug|Any CPU.Build.0 = Debug|Any CPU
		{75EB9492-60A3-4122-9AFA-C2066C800D6F}.Release|Any CPU.ActiveCfg = Release|Any CPU
		{75EB9492-60A3-4122-9AFA-C2066C800D6F}.Release|Any CPU.Build.0 = Release|Any CPU
		{DAEFE8B2-F750-4F2B-B157-DE698DD3BC33}.Debug|Any CPU.ActiveCfg = Debug|Any CPU
		{DAEFE8B2-F750-4F2B-B157-DE698DD3BC33}.Debug|Any CPU.Build.0 = Debug|Any CPU
		{DAEFE8B2-F750-4F2B-B157-DE698DD3BC33}.Release|Any CPU.ActiveCfg = Release|Any CPU
		{DAEFE8B2-F750-4F2B-B157-DE698DD3BC33}.Release|Any CPU.Build.0 = Release|Any CPU
	EndGlobalSection
	GlobalSection(SolutionProperties) = preSolution
		HideSolutionNode = FALSE
	EndGlobalSection
	GlobalSection(NestedProjects) = preSolution
		{A789CAE2-99A1-4D0D-B492-6FB0A727E94D} = {05A60440-55B4-479F-A701-E69AB4974B53}
		{54FCF196-F346-4B94-B94F-D69E262680E6} = {05A60440-55B4-479F-A701-E69AB4974B53}
		{75EB9492-60A3-4122-9AFA-C2066C800D6F} = {05A60440-55B4-479F-A701-E69AB4974B53}
		{DAEFE8B2-F750-4F2B-B157-DE698DD3BC33} = {26BF19F7-1F88-4A51-BDA6-F8806D004C5F}
	EndGlobalSection
	GlobalSection(ExtensibilityGlobals) = postSolution
		SolutionGuid = {4F9D01E7-687B-44CB-8224-C8AA6C773351}
	EndGlobalSection
EndGlobal
